
Microsoft Visual Studio Solution File, Format Version 11.00
# Visual Studio 2010
Project("{FAE04EC0-301F-11D3-BF4B-00C04F79EFBC}") = "Assembly-CSharp", "Assembly-CSharp.csproj", "{C576D4FF-B585-50D4-626D-8B088C834EEE}"
EndProject
Project("{FAE04EC0-301F-11D3-BF4B-00C04F79EFBC}") = "QF.Action", "QF.Action.csproj", "{C1CC5294-7B83-7C72-7D88-9E85E8403949}"
EndProject
Project("{FAE04EC0-301F-11D3-BF4B-00C04F79EFBC}") = "UniRx", "UniRx.csproj", "{E0293850-8B2C-FFE9-97F2-FD926A3D9B80}"
EndProject
Project("{FAE04EC0-301F-11D3-BF4B-00C04F79EFBC}") = "QF.Redux", "QF.Redux.csproj", "{71AD7FE3-C482-9F1D-C8F2-8C69CBC092AE}"
EndProject
Project("{FAE04EC0-301F-11D3-BF4B-00C04F79EFBC}") = "QF.Pool", "QF.Pool.csproj", "{2B4BC881-A875-8F86-D372-E896E8825C01}"
EndProject
Project("{FAE04EC0-301F-11D3-BF4B-00C04F79EFBC}") = "QF.IOC", "QF.IOC.csproj", "{6C78EBE4-8D1F-F54F-50FC-E0DF521B748C}"
EndProject
Project("{FAE04EC0-301F-11D3-BF4B-00C04F79EFBC}") = "HTTP", "HTTP.csproj", "{73E27CCB-258A-DAB5-C7E8-0A1BFAF1F1D6}"
EndProject
Project("{FAE04EC0-301F-11D3-BF4B-00C04F79EFBC}") = "QF.SimpleHelper", "QF.SimpleHelper.csproj", "{078F3C3D-B330-3D2D-22E2-706643EE7BB8}"
EndProject
Project("{FAE04EC0-301F-11D3-BF4B-00C04F79EFBC}") = "QF.Singleton", "QF.Singleton.csproj", "{C3366050-4FFE-60E2-F3BD-22D5B8681E32}"
EndProject
Project("{FAE04EC0-301F-11D3-BF4B-00C04F79EFBC}") = "QF.Extensions", "QF.Extensions.csproj", "{82B3797D-7C74-1233-ADD2-A42A164E8D5F}"
EndProject
Project("{FAE04EC0-301F-11D3-BF4B-00C04F79EFBC}") = "QF.DVA", "QF.DVA.csproj", "{B11B6E01-1FC8-AFBC-0D7D-5252354F576C}"
EndProject
Project("{FAE04EC0-301F-11D3-BF4B-00C04F79EFBC}") = "Unity.2D.Tilemap.Extras", "Unity.2D.Tilemap.Extras.csproj", "{9B0C2E66-B1FA-8DED-3E83-87FFCCEF657A}"
EndProject
Project("{FAE04EC0-301F-11D3-BF4B-00C04F79EFBC}") = "Assembly-CSharp-Editor", "Assembly-CSharp-Editor.csproj", "{9145521B-B1B0-8463-AD5E-5EF2CBFF6DB5}"
EndProject
Project("{FAE04EC0-301F-11D3-BF4B-00C04F79EFBC}") = "Unity.2D.Tilemap.Extras.Editor", "Unity.2D.Tilemap.Extras.Editor.csproj", "{432ECA3A-6481-BCAB-A85C-9CABE89A30EA}"
EndProject
Global
	GlobalSection(SolutionConfigurationPlatforms) = preSolution
		Debug|Any CPU = Debug|Any CPU
		Release|Any CPU = Release|Any CPU
	EndGlobalSection
	GlobalSection(ProjectConfigurationPlatforms) = postSolution
		{C576D4FF-B585-50D4-626D-8B088C834EEE}.Debug|Any CPU.ActiveCfg = Debug|Any CPU
		{C576D4FF-B585-50D4-626D-8B088C834EEE}.Debug|Any CPU.Build.0 = Debug|Any CPU
		{C576D4FF-B585-50D4-626D-8B088C834EEE}.Release|Any CPU.ActiveCfg = Release|Any CPU
		{C576D4FF-B585-50D4-626D-8B088C834EEE}.Release|Any CPU.Build.0 = Release|Any CPU
		{C1CC5294-7B83-7C72-7D88-9E85E8403949}.Debug|Any CPU.ActiveCfg = Debug|Any CPU
		{C1CC5294-7B83-7C72-7D88-9E85E8403949}.Debug|Any CPU.Build.0 = Debug|Any CPU
		{C1CC5294-7B83-7C72-7D88-9E85E8403949}.Release|Any CPU.ActiveCfg = Release|Any CPU
		{C1CC5294-7B83-7C72-7D88-9E85E8403949}.Release|Any CPU.Build.0 = Release|Any CPU
		{E0293850-8B2C-FFE9-97F2-FD926A3D9B80}.Debug|Any CPU.ActiveCfg = Debug|Any CPU
		{E0293850-8B2C-FFE9-97F2-FD926A3D9B80}.Debug|Any CPU.Build.0 = Debug|Any CPU
		{E0293850-8B2C-FFE9-97F2-FD926A3D9B80}.Release|Any CPU.ActiveCfg = Release|Any CPU
		{E0293850-8B2C-FFE9-97F2-FD926A3D9B80}.Release|Any CPU.Build.0 = Release|Any CPU
		{71AD7FE3-C482-9F1D-C8F2-8C69CBC092AE}.Debug|Any CPU.ActiveCfg = Debug|Any CPU
		{71AD7FE3-C482-9F1D-C8F2-8C69CBC092AE}.Debug|Any CPU.Build.0 = Debug|Any CPU
		{71AD7FE3-C482-9F1D-C8F2-8C69CBC092AE}.Release|Any CPU.ActiveCfg = Release|Any CPU
		{71AD7FE3-C482-9F1D-C8F2-8C69CBC092AE}.Release|Any CPU.Build.0 = Release|Any CPU
		{2B4BC881-A875-8F86-D372-E896E8825C01}.Debug|Any CPU.ActiveCfg = Debug|Any CPU
		{2B4BC881-A875-8F86-D372-E896E8825C01}.Debug|Any CPU.Build.0 = Debug|Any CPU
		{2B4BC881-A875-8F86-D372-E896E8825C01}.Release|Any CPU.ActiveCfg = Release|Any CPU
		{2B4BC881-A875-8F86-D372-E896E8825C01}.Release|Any CPU.Build.0 = Release|Any CPU
		{6C78EBE4-8D1F-F54F-50FC-E0DF521B748C}.Debug|Any CPU.ActiveCfg = Debug|Any CPU
		{6C78EBE4-8D1F-F54F-50FC-E0DF521B748C}.Debug|Any CPU.Build.0 = Debug|Any CPU
		{6C78EBE4-8D1F-F54F-50FC-E0DF521B748C}.Release|Any CPU.ActiveCfg = Release|Any CPU
		{6C78EBE4-8D1F-F54F-50FC-E0DF521B748C}.Release|Any CPU.Build.0 = Release|Any CPU
		{73E27CCB-258A-DAB5-C7E8-0A1BFAF1F1D6}.Debug|Any CPU.ActiveCfg = Debug|Any CPU
		{73E27CCB-258A-DAB5-C7E8-0A1BFAF1F1D6}.Debug|Any CPU.Build.0 = Debug|Any CPU
		{73E27CCB-258A-DAB5-C7E8-0A1BFAF1F1D6}.Release|Any CPU.ActiveCfg = Release|Any CPU
		{73E27CCB-258A-DAB5-C7E8-0A1BFAF1F1D6}.Release|Any CPU.Build.0 = Release|Any CPU
		{078F3C3D-B330-3D2D-22E2-706643EE7BB8}.Debug|Any CPU.ActiveCfg = Debug|Any CPU
		{078F3C3D-B330-3D2D-22E2-706643EE7BB8}.Debug|Any CPU.Build.0 = Debug|Any CPU
		{078F3C3D-B330-3D2D-22E2-706643EE7BB8}.Release|Any CPU.ActiveCfg = Release|Any CPU
		{078F3C3D-B330-3D2D-22E2-706643EE7BB8}.Release|Any CPU.Build.0 = Release|Any CPU
		{C3366050-4FFE-60E2-F3BD-22D5B8681E32}.Debug|Any CPU.ActiveCfg = Debug|Any CPU
		{C3366050-4FFE-60E2-F3BD-22D5B8681E32}.Debug|Any CPU.Build.0 = Debug|Any CPU
		{C3366050-4FFE-60E2-F3BD-22D5B8681E32}.Release|Any CPU.ActiveCfg = Release|Any CPU
		{C3366050-4FFE-60E2-F3BD-22D5B8681E32}.Release|Any CPU.Build.0 = Release|Any CPU
		{82B3797D-7C74-1233-ADD2-A42A164E8D5F}.Debug|Any CPU.ActiveCfg = Debug|Any CPU
		{82B3797D-7C74-1233-ADD2-A42A164E8D5F}.Debug|Any CPU.Build.0 = Debug|Any CPU
		{82B3797D-7C74-1233-ADD2-A42A164E8D5F}.Release|Any CPU.ActiveCfg = Release|Any CPU
		{82B3797D-7C74-1233-ADD2-A42A164E8D5F}.Release|Any CPU.Build.0 = Release|Any CPU
		{B11B6E01-1FC8-AFBC-0D7D-5252354F576C}.Debug|Any CPU.ActiveCfg = Debug|Any CPU
		{B11B6E01-1FC8-AFBC-0D7D-5252354F576C}.Debug|Any CPU.Build.0 = Debug|Any CPU
		{B11B6E01-1FC8-AFBC-0D7D-5252354F576C}.Release|Any CPU.ActiveCfg = Release|Any CPU
		{B11B6E01-1FC8-AFBC-0D7D-5252354F576C}.Release|Any CPU.Build.0 = Release|Any CPU
		{9B0C2E66-B1FA-8DED-3E83-87FFCCEF657A}.Debug|Any CPU.ActiveCfg = Debug|Any CPU
		{9B0C2E66-B1FA-8DED-3E83-87FFCCEF657A}.Debug|Any CPU.Build.0 = Debug|Any CPU
		{9B0C2E66-B1FA-8DED-3E83-87FFCCEF657A}.Release|Any CPU.ActiveCfg = Release|Any CPU
		{9B0C2E66-B1FA-8DED-3E83-87FFCCEF657A}.Release|Any CPU.Build.0 = Release|Any CPU
		{9145521B-B1B0-8463-AD5E-5EF2CBFF6DB5}.Debug|Any CPU.ActiveCfg = Debug|Any CPU
		{9145521B-B1B0-8463-AD5E-5EF2CBFF6DB5}.Debug|Any CPU.Build.0 = Debug|Any CPU
		{9145521B-B1B0-8463-AD5E-5EF2CBFF6DB5}.Release|Any CPU.ActiveCfg = Release|Any CPU
		{9145521B-B1B0-8463-AD5E-5EF2CBFF6DB5}.Release|Any CPU.Build.0 = Release|Any CPU
		{432ECA3A-6481-BCAB-A85C-9CABE89A30EA}.Debug|Any CPU.ActiveCfg = Debug|Any CPU
		{432ECA3A-6481-BCAB-A85C-9CABE89A30EA}.Debug|Any CPU.Build.0 = Debug|Any CPU
		{432ECA3A-6481-BCAB-A85C-9CABE89A30EA}.Release|Any CPU.ActiveCfg = Release|Any CPU
		{432ECA3A-6481-BCAB-A85C-9CABE89A30EA}.Release|Any CPU.Build.0 = Release|Any CPU
	EndGlobalSection
	GlobalSection(SolutionProperties) = preSolution
		HideSolutionNode = FALSE
	EndGlobalSection
	GlobalSection(MonoDevelopProperties) = preSolution
		StartupItem = Assembly-CSharp.csproj
	EndGlobalSection
EndGlobal
